<?xml version="1.0" encoding="utf-8"?>
<Project ToolsVersion="4.0" xmlns="http://schemas.microsoft.com/developer/msbuild/2003">
  <ItemGroup>
    <Filter Include="源文件">
      <UniqueIdentifier>{4FC737F1-C7A5-4376-A066-2A32D752A2FF}</UniqueIdentifier>
      <Extensions>cpp;c;cc;cxx;def;odl;idl;hpj;bat;asm;asmx</Extensions>
    </Filter>
    <Filter Include="头文件">
      <UniqueIdentifier>{93995380-89BD-4b04-88EB-625FBE52EBFB}</UniqueIdentifier>
      <Extensions>h;hpp;hxx;hm;inl;inc;xsd</Extensions>
    </Filter>
    <Filter Include="资源文件">
      <UniqueIdentifier>{67DA6AB6-F800-4c08-8B7A-83BB121AAD01}</UniqueIdentifier>
      <Extensions>rc;ico;cur;bmp;dlg;rc2;rct;bin;rgs;gif;jpg;jpeg;jpe;resx;tiff;tif;png;wav;mfcribbon-ms</Extensions>
    </Filter>
  </ItemGroup>
  <ItemGroup>
    <Text Include="ReadMe.txt" />
    <Text Include="A.txt">
      <Filter>资源文件</Filter>
    </Text>
  </ItemGroup>
  <ItemGroup>
    <ClInclude Include="stdafx.h">
      <Filter>头文件</Filter>
    </ClInclude>
    <ClInclude Include="targetver.h">
      <Filter>头文件</Filter>
    </ClInclude>
    <ClInclude Include="Hello.h">
      <Filter>头文件</Filter>
    </ClInclude>
    <ClInclude Include="Teacher.h">
      <Filter>头文件</Filter>
    </ClInclude>
    <ClInclude Include="libraryMenue.h">
      <Filter>头文件</Filter>
    </ClInclude>
    <ClInclude Include="LibraryUtils.h">
      <Filter>头文件</Filter>
    </ClInclude>
    <ClInclude Include="LibraryDate.h">
      <Filter>头文件</Filter>
    </ClInclude>
    <ClInclude Include="LibraryCard.h">
      <Filter>头文件</Filter>
    </ClInclude>
    <ClInclude Include="Logindatautils.h">
      <Filter>头文件</Filter>
    </ClInclude>
    <ClInclude Include="Loginmenuitem.h">
      <Filter>头文件</Filter>
    </ClInclude>
    <ClInclude Include="Loginuser.h">
      <Filter>头文件</Filter>
    </ClInclude>
    <ClInclude Include="Loginutils.h">
      <Filter>头文件</Filter>
    </ClInclude>
    <ClInclude Include="Student.h">
      <Filter>头文件</Filter>
    </ClInclude>
    <ClInclude Include="StudentData.h">
      <Filter>头文件</Filter>
    </ClInclude>
    <ClInclude Include="book.h">
      <Filter>头文件</Filter>
    </ClInclude>
    <ClInclude Include="bookdatautils.h">
      <Filter>头文件</Filter>
    </ClInclude>
    <ClInclude Include="bookmenuitem.h">
      <Filter>头文件</Filter>
    </ClInclude>
    <ClInclude Include="bookutils.h">
      <Filter>头文件</Filter>
    </ClInclude>
  </ItemGroup>
  <ItemGroup>
    <ClCompile Include="stdafx.cpp">
      <Filter>源文件</Filter>
    </ClCompile>
    <ClCompile Include="图书馆管理系统.cpp">
      <Filter>源文件</Filter>
    </ClCompile>
    <ClCompile Include="Hello.cpp">
      <Filter>源文件</Filter>
    </ClCompile>
    <ClCompile Include="Teacher.cpp">
      <Filter>源文件</Filter>
    </ClCompile>
    <ClCompile Include="LibraryCard.cpp">
      <Filter>源文件</Filter>
    </ClCompile>
    <ClCompile Include="LibraryMenue.cpp">
      <Filter>源文件</Filter>
    </ClCompile>
    <ClCompile Include="LibraryUtils.cpp">
      <Filter>源文件</Filter>
    </ClCompile>
    <ClCompile Include="LibraryDate.cpp">
      <Filter>源文件</Filter>
    </ClCompile>
    <ClCompile Include="Loginutils.cpp">
      <Filter>源文件</Filter>
    </ClCompile>
    <ClCompile Include="LoginMenuItem.cpp">
      <Filter>源文件</Filter>
    </ClCompile>
    <ClCompile Include="Logindatautils.cpp">
      <Filter>源文件</Filter>
    </ClCompile>
    <ClCompile Include="LoginUser.cpp">
      <Filter>源文件</Filter>
    </ClCompile>
    <ClCompile Include="Student.cpp">
      <Filter>源文件</Filter>
    </ClCompile>
    <ClCompile Include="StudentData.cpp">
      <Filter>源文件</Filter>
    </ClCompile>
    <ClCompile Include="book.cpp">
      <Filter>源文件</Filter>
    </ClCompile>
    <ClCompile Include="bookmenuitem.cpp">
      <Filter>源文件</Filter>
    </ClCompile>
    <ClCompile Include="bookdatautils.cpp">
      <Filter>源文件</Filter>
    </ClCompile>
    <ClCompile Include="bookutils.cpp">
      <Filter>源文件</Filter>
    </ClCompile>
  </ItemGroup>
  <ItemGroup>
    <None Include="ClassDiagram.cd" />
  </ItemGroup>
</Project>